
Microsoft Visual Studio Solution File, Format Version 12.00
# Visual Studio Version 17
VisualStudioVersion = 17.13.35806.99 d17.13
MinimumVisualStudioVersion = 10.0.40219.1
Project("{FAE04EC0-301F-11D3-BF4B-00C04F79EFBC}") = "PomodoroTimer", "PomodoroTimer\PomodoroTimer.csproj", "{424B21A9-345E-4A09-B43E-628C6F9D3687}"
EndProject
Global
	GlobalSection(SolutionConfigurationPlatforms) = preSolution
		Debug|Any CPU = Debug|Any CPU
		Release|Any CPU = Release|Any CPU
	EndGlobalSection
	GlobalSection(ProjectConfigurationPlatforms) = postSolution
		{424B21A9-345E-4A09-B43E-628C6F9D3687}.Debug|Any CPU.ActiveCfg = Debug|Any CPU
		{424B21A9-345E-4A09-B43E-628C6F9D3687}.Debug|Any CPU.Build.0 = Debug|Any CPU
		{424B21A9-345E-4A09-B43E-628C6F9D3687}.Release|Any CPU.ActiveCfg = Release|Any CPU
		{424B21A9-345E-4A09-B43E-628C6F9D3687}.Release|Any CPU.Build.0 = Release|Any CPU
	EndGlobalSection
	GlobalSection(SolutionProperties) = preSolution
		HideSolutionNode = FALSE
	EndGlobalSection
	GlobalSection(ExtensibilityGlobals) = postSolution
		SolutionGuid = {A04A766B-4D37-4CF5-9573-56D12B9C00F2}
	EndGlobalSection
EndGlobal
